
Microsoft Visual Studio Solution File, Format Version 12.00
# Visual Studio Version 16
VisualStudioVersion = 16.0.30503.244
MinimumVisualStudioVersion = 10.0.40219.1
Project("{FAE04EC0-301F-11D3-BF4B-00C04F79EFBC}") = "AutomationChallengeFrontEnd", "AutomationChallengeTest\AutomationChallengeFrontEnd.csproj", "{3B24C55C-CC6A-414F-AC2A-0B140E656485}"
EndProject
Global
	GlobalSection(SolutionConfigurationPlatforms) = preSolution
		Debug|Any CPU = Debug|Any CPU
		Release|Any CPU = Release|Any CPU
	EndGlobalSection
	GlobalSection(ProjectConfigurationPlatforms) = postSolution
		{3B24C55C-CC6A-414F-AC2A-0B140E656485}.Debug|Any CPU.ActiveCfg = Debug|Any CPU
		{3B24C55C-CC6A-414F-AC2A-0B140E656485}.Debug|Any CPU.Build.0 = Debug|Any CPU
		{3B24C55C-CC6A-414F-AC2A-0B140E656485}.Release|Any CPU.ActiveCfg = Release|Any CPU
		{3B24C55C-CC6A-414F-AC2A-0B140E656485}.Release|Any CPU.Build.0 = Release|Any CPU
	EndGlobalSection
	GlobalSection(SolutionProperties) = preSolution
		HideSolutionNode = FALSE
	EndGlobalSection
	GlobalSection(ExtensibilityGlobals) = postSolution
		SolutionGuid = {6DE4B303-D4D8-4CDE-A937-7CE5D5C7A11E}
	EndGlobalSection
EndGlobal
